
Microsoft Visual Studio Solution File, Format Version 12.00
# Visual Studio 15
VisualStudioVersion = 15.0.28307.1000
MinimumVisualStudioVersion = 10.0.40219.1
Project("{8BC9CEB8-8B4A-11D0-8D11-00A0C91BC942}") = "Lesson1Tutorial", "Lesson1Tutorial\Lesson1Tutorial.vcxproj", "{6D64B4F6-DB2B-4157-8BE0-AEB94355B325}"
EndProject
Global
	GlobalSection(SolutionConfigurationPlatforms) = preSolution
		Debug|x64 = Debug|x64
		Debug|x86 = Debug|x86
		Release|x64 = Release|x64
		Release|x86 = Release|x86
	EndGlobalSection
	GlobalSection(ProjectConfigurationPlatforms) = postSolution
		{6D64B4F6-DB2B-4157-8BE0-AEB94355B325}.Debug|x64.ActiveCfg = Debug|x64
		{6D64B4F6-DB2B-4157-8BE0-AEB94355B325}.Debug|x64.Build.0 = Debug|x64
		{6D64B4F6-DB2B-4157-8BE0-AEB94355B325}.Debug|x86.ActiveCfg = Debug|Win32
		{6D64B4F6-DB2B-4157-8BE0-AEB94355B325}.Debug|x86.Build.0 = Debug|Win32
		{6D64B4F6-DB2B-4157-8BE0-AEB94355B325}.Release|x64.ActiveCfg = Release|x64
		{6D64B4F6-DB2B-4157-8BE0-AEB94355B325}.Release|x64.Build.0 = Release|x64
		{6D64B4F6-DB2B-4157-8BE0-AEB94355B325}.Release|x86.ActiveCfg = Release|Win32
		{6D64B4F6-DB2B-4157-8BE0-AEB94355B325}.Release|x86.Build.0 = Release|Win32
	EndGlobalSection
	GlobalSection(SolutionProperties) = preSolution
		HideSolutionNode = FALSE
	EndGlobalSection
	GlobalSection(ExtensibilityGlobals) = postSolution
		SolutionGuid = {7337E74F-F175-45C5-A8AB-3E8779A57B85}
	EndGlobalSection
EndGlobal
